
Microsoft Visual Studio Solution File, Format Version 12.00
# Visual Studio 15
VisualStudioVersion = 15.0.27703.2035
MinimumVisualStudioVersion = 10.0.40219.1
Project("{9A19103F-16F7-4668-BE54-9A1E7A4F7556}") = "PsychEval", "PsychEval\PsychEval.csproj", "{C9F5EAD5-0AA2-4E71-921D-A78219D63FE0}"
EndProject
Global
	GlobalSection(SolutionConfigurationPlatforms) = preSolution
		Debug|Any CPU = Debug|Any CPU
		Release|Any CPU = Release|Any CPU
	EndGlobalSection
	GlobalSection(ProjectConfigurationPlatforms) = postSolution
		{C9F5EAD5-0AA2-4E71-921D-A78219D63FE0}.Debug|Any CPU.ActiveCfg = Debug|Any CPU
		{C9F5EAD5-0AA2-4E71-921D-A78219D63FE0}.Debug|Any CPU.Build.0 = Debug|Any CPU
		{C9F5EAD5-0AA2-4E71-921D-A78219D63FE0}.Release|Any CPU.ActiveCfg = Release|Any CPU
		{C9F5EAD5-0AA2-4E71-921D-A78219D63FE0}.Release|Any CPU.Build.0 = Release|Any CPU
	EndGlobalSection
	GlobalSection(SolutionProperties) = preSolution
		HideSolutionNode = FALSE
	EndGlobalSection
	GlobalSection(ExtensibilityGlobals) = postSolution
		SolutionGuid = {7AF28400-7C96-410E-91CD-7AA77AB07526}
	EndGlobalSection
EndGlobal
